// !$*UTF8*$!
{
	archiveVersion = 1;
	classes = {
	};
	objectVersion = 50;
	objects = {

/* Begin PBXBuildFile section */
		8643E50020CC65D7004E4D22 /* LALabel.swift in Sources */ = {isa = PBXBuildFile; fileRef = 8643E4FF20CC65D7004E4D22 /* LALabel.swift */; };
		8643E50320CC6B2B004E4D22 /* Raleway-v4020-Regular.otf in Resources */ = {isa = PBXBuildFile; fileRef = 8643E50220CC6B2B004E4D22 /* Raleway-v4020-Regular.otf */; };
		8643E50520CC6CDA004E4D22 /* Raleway-v4020-SemiBold.otf in Resources */ = {isa = PBXBuildFile; fileRef = 8643E50420CC6CDA004E4D22 /* Raleway-v4020-SemiBold.otf */; };
		8668C9BE20CF5DD9003B32D0 /* OptionSet.swift in Sources */ = {isa = PBXBuildFile; fileRef = 8668C9BD20CF5DD9003B32D0 /* OptionSet.swift */; };
		866D8ACC20CA15A000FDF853 /* AppDelegate.swift in Sources */ = {isa = PBXBuildFile; fileRef = 866D8ACB20CA15A000FDF853 /* AppDelegate.swift */; };
		866D8ACE20CA15A000FDF853 /* WelcomeController.swift in Sources */ = {isa = PBXBuildFile; fileRef = 866D8ACD20CA15A000FDF853 /* WelcomeController.swift */; };
		866D8AD420CA15A000FDF853 /* ListApp.xcdatamodeld in Sources */ = {isa = PBXBuildFile; fileRef = 866D8AD220CA15A000FDF853 /* ListApp.xcdatamodeld */; };
		866D8AD620CA15A100FDF853 /* Assets.xcassets in Resources */ = {isa = PBXBuildFile; fileRef = 866D8AD520CA15A100FDF853 /* Assets.xcassets */; };
		866D8AD920CA15A100FDF853 /* LaunchScreen.storyboard in Resources */ = {isa = PBXBuildFile; fileRef = 866D8AD720CA15A100FDF853 /* LaunchScreen.storyboard */; };
		866D8AE120CA1CC300FDF853 /* LAGradient.swift in Sources */ = {isa = PBXBuildFile; fileRef = 866D8AE020CA1CC300FDF853 /* LAGradient.swift */; };
		866D8AE420CA1FF500FDF853 /* Extensions.swift in Sources */ = {isa = PBXBuildFile; fileRef = 866D8AE320CA1FF500FDF853 /* Extensions.swift */; };
		8695801120D06C6700D92BCC /* Protocol.swift in Sources */ = {isa = PBXBuildFile; fileRef = 8695801020D06C6700D92BCC /* Protocol.swift */; };
		8695801320D06FF100D92BCC /* LANewItemPopup.swift in Sources */ = {isa = PBXBuildFile; fileRef = 8695801220D06FF100D92BCC /* LANewItemPopup.swift */; };
		8695801520D0AC2E00D92BCC /* LATextField.swift in Sources */ = {isa = PBXBuildFile; fileRef = 8695801420D0AC2E00D92BCC /* LATextField.swift */; };
		86DE4C8820CED426009B89D3 /* ListController.swift in Sources */ = {isa = PBXBuildFile; fileRef = 86DE4C8720CED426009B89D3 /* ListController.swift */; };
		86DE4C8C20CED588009B89D3 /* LAHeaderView.swift in Sources */ = {isa = PBXBuildFile; fileRef = 86DE4C8B20CED588009B89D3 /* LAHeaderView.swift */; };
		86F7AC7820CDCEA200669F95 /* LAButton.swift in Sources */ = {isa = PBXBuildFile; fileRef = 86F7AC7720CDCEA200669F95 /* LAButton.swift */; };
/* End PBXBuildFile section */

/* Begin PBXFileReference section */
		8643E4FF20CC65D7004E4D22 /* LALabel.swift */ = {isa = PBXFileReference; lastKnownFileType = sourcecode.swift; path = LALabel.swift; sourceTree = "<group>"; };
		8643E50220CC6B2B004E4D22 /* Raleway-v4020-Regular.otf */ = {isa = PBXFileReference; lastKnownFileType = file; path = "Raleway-v4020-Regular.otf"; sourceTree = "<group>"; };
		8643E50420CC6CDA004E4D22 /* Raleway-v4020-SemiBold.otf */ = {isa = PBXFileReference; lastKnownFileType = file; path = "Raleway-v4020-SemiBold.otf"; sourceTree = "<group>"; };
		8668C9BD20CF5DD9003B32D0 /* OptionSet.swift */ = {isa = PBXFileReference; lastKnownFileType = sourcecode.swift; path = OptionSet.swift; sourceTree = "<group>"; };
		866D8AC820CA15A000FDF853 /* ListApp.app */ = {isa = PBXFileReference; explicitFileType = wrapper.application; includeInIndex = 0; path = ListApp.app; sourceTree = BUILT_PRODUCTS_DIR; };
		866D8ACB20CA15A000FDF853 /* AppDelegate.swift */ = {isa = PBXFileReference; lastKnownFileType = sourcecode.swift; path = AppDelegate.swift; sourceTree = "<group>"; };
		866D8ACD20CA15A000FDF853 /* WelcomeController.swift */ = {isa = PBXFileReference; lastKnownFileType = sourcecode.swift; path = WelcomeController.swift; sourceTree = "<group>"; };
		866D8AD320CA15A000FDF853 /* ListApp.xcdatamodel */ = {isa = PBXFileReference; lastKnownFileType = wrapper.xcdatamodel; path = ListApp.xcdatamodel; sourceTree = "<group>"; };
		866D8AD520CA15A100FDF853 /* Assets.xcassets */ = {isa = PBXFileReference; lastKnownFileType = folder.assetcatalog; path = Assets.xcassets; sourceTree = "<group>"; };
		866D8AD820CA15A100FDF853 /* Base */ = {isa = PBXFileReference; lastKnownFileType = file.storyboard; name = Base; path = Base.lproj/LaunchScreen.storyboard; sourceTree = "<group>"; };
		866D8ADA20CA15A100FDF853 /* Info.plist */ = {isa = PBXFileReference; lastKnownFileType = text.plist.xml; path = Info.plist; sourceTree = "<group>"; };
		866D8AE020CA1CC300FDF853 /* LAGradient.swift */ = {isa = PBXFileReference; lastKnownFileType = sourcecode.swift; path = LAGradient.swift; sourceTree = "<group>"; };
		866D8AE320CA1FF500FDF853 /* Extensions.swift */ = {isa = PBXFileReference; lastKnownFileType = sourcecode.swift; path = Extensions.swift; sourceTree = "<group>"; };
		8695801020D06C6700D92BCC /* Protocol.swift */ = {isa = PBXFileReference; lastKnownFileType = sourcecode.swift; path = Protocol.swift; sourceTree = "<group>"; };
		8695801220D06FF100D92BCC /* LANewItemPopup.swift */ = {isa = PBXFileReference; lastKnownFileType = sourcecode.swift; path = LANewItemPopup.swift; sourceTree = "<group>"; };
		8695801420D0AC2E00D92BCC /* LATextField.swift */ = {isa = PBXFileReference; lastKnownFileType = sourcecode.swift; path = LATextField.swift; sourceTree = "<group>"; };
		86DE4C8720CED426009B89D3 /* ListController.swift */ = {isa = PBXFileReference; lastKnownFileType = sourcecode.swift; path = ListController.swift; sourceTree = "<group>"; };
		86DE4C8B20CED588009B89D3 /* LAHeaderView.swift */ = {isa = PBXFileReference; lastKnownFileType = sourcecode.swift; path = LAHeaderView.swift; sourceTree = "<group>"; };
		86F7AC7720CDCEA200669F95 /* LAButton.swift */ = {isa = PBXFileReference; lastKnownFileType = sourcecode.swift; path = LAButton.swift; sourceTree = "<group>"; };
/* End PBXFileReference section */

/* Begin PBXFrameworksBuildPhase section */
		866D8AC520CA15A000FDF853 /* Frameworks */ = {
			isa = PBXFrameworksBuildPhase;
			buildActionMask = 2147483647;
			files = (
			);
			runOnlyForDeploymentPostprocessing = 0;
		};
/* End PBXFrameworksBuildPhase section */

/* Begin PBXGroup section */
		8643E4FC20CC6577004E4D22 /* Custom */ = {
			isa = PBXGroup;
			children = (
				866D8AE020CA1CC300FDF853 /* LAGradient.swift */,
				8643E4FF20CC65D7004E4D22 /* LALabel.swift */,
				86F7AC7720CDCEA200669F95 /* LAButton.swift */,
				86DE4C8B20CED588009B89D3 /* LAHeaderView.swift */,
				8695801220D06FF100D92BCC /* LANewItemPopup.swift */,
				8695801420D0AC2E00D92BCC /* LATextField.swift */,
			);
			path = Custom;
			sourceTree = "<group>";
		};
		8643E50120CC6996004E4D22 /* Fonts */ = {
			isa = PBXGroup;
			children = (
				8643E50220CC6B2B004E4D22 /* Raleway-v4020-Regular.otf */,
				8643E50420CC6CDA004E4D22 /* Raleway-v4020-SemiBold.otf */,
			);
			path = Fonts;
			sourceTree = "<group>";
		};
		8668C9BC20CEE4AE003B32D0 /* Controllers */ = {
			isa = PBXGroup;
			children = (
				866D8ACD20CA15A000FDF853 /* WelcomeController.swift */,
				86DE4C8720CED426009B89D3 /* ListController.swift */,
			);
			path = Controllers;
			sourceTree = "<group>";
		};
		866D8ABF20CA15A000FDF853 = {
			isa = PBXGroup;
			children = (
				866D8ACA20CA15A000FDF853 /* ListApp */,
				866D8AC920CA15A000FDF853 /* Products */,
			);
			sourceTree = "<group>";
		};
		866D8AC920CA15A000FDF853 /* Products */ = {
			isa = PBXGroup;
			children = (
				866D8AC820CA15A000FDF853 /* ListApp.app */,
			);
			name = Products;
			sourceTree = "<group>";
		};
		866D8ACA20CA15A000FDF853 /* ListApp */ = {
			isa = PBXGroup;
			children = (
				866D8ACB20CA15A000FDF853 /* AppDelegate.swift */,
				8643E50120CC6996004E4D22 /* Fonts */,
				866D8AE220CA1FE800FDF853 /* Extensions */,
				8643E4FC20CC6577004E4D22 /* Custom */,
				8668C9BC20CEE4AE003B32D0 /* Controllers */,
				866D8AD520CA15A100FDF853 /* Assets.xcassets */,
				866D8AD720CA15A100FDF853 /* LaunchScreen.storyboard */,
				866D8ADA20CA15A100FDF853 /* Info.plist */,
				866D8AD220CA15A000FDF853 /* ListApp.xcdatamodeld */,
			);
			path = ListApp;
			sourceTree = "<group>";
		};
		866D8AE220CA1FE800FDF853 /* Extensions */ = {
			isa = PBXGroup;
			children = (
				866D8AE320CA1FF500FDF853 /* Extensions.swift */,
				8668C9BD20CF5DD9003B32D0 /* OptionSet.swift */,
				8695801020D06C6700D92BCC /* Protocol.swift */,
			);
			path = Extensions;
			sourceTree = "<group>";
		};
/* End PBXGroup section */

/* Begin PBXNativeTarget section */
		866D8AC720CA15A000FDF853 /* ListApp */ = {
			isa = PBXNativeTarget;
			buildConfigurationList = 866D8ADD20CA15A100FDF853 /* Build configuration list for PBXNativeTarget "ListApp" */;
			buildPhases = (
				866D8AC420CA15A000FDF853 /* Sources */,
				866D8AC520CA15A000FDF853 /* Frameworks */,
				866D8AC620CA15A000FDF853 /* Resources */,
			);
			buildRules = (
			);
			dependencies = (
			);
			name = ListApp;
			productName = ListApp;
			productReference = 866D8AC820CA15A000FDF853 /* ListApp.app */;
			productType = "com.apple.product-type.application";
		};
/* End PBXNativeTarget section */

/* Begin PBXProject section */
		866D8AC020CA15A000FDF853 /* Project object */ = {
			isa = PBXProject;
			attributes = {
				LastSwiftUpdateCheck = 0940;
				LastUpgradeCheck = 0940;
				ORGANIZATIONNAME = "Mason Bose";
				TargetAttributes = {
					866D8AC720CA15A000FDF853 = {
						CreatedOnToolsVersion = 9.4;
					};
				};
			};
			buildConfigurationList = 866D8AC320CA15A000FDF853 /* Build configuration list for PBXProject "ListApp" */;
			compatibilityVersion = "Xcode 9.3";
			developmentRegion = en;
			hasScannedForEncodings = 0;
			knownRegions = (
				en,
				Base,
			);
			mainGroup = 866D8ABF20CA15A000FDF853;
			productRefGroup = 866D8AC920CA15A000FDF853 /* Products */;
			projectDirPath = "";
			projectRoot = "";
			targets = (
				866D8AC720CA15A000FDF853 /* ListApp */,
			);
		};
/* End PBXProject section */

/* Begin PBXResourcesBuildPhase section */
		866D8AC620CA15A000FDF853 /* Resources */ = {
			isa = PBXResourcesBuildPhase;
			buildActionMask = 2147483647;
			files = (
				8643E50320CC6B2B004E4D22 /* Raleway-v4020-Regular.otf in Resources */,
				866D8AD920CA15A100FDF853 /* LaunchScreen.storyboard in Resources */,
				866D8AD620CA15A100FDF853 /* Assets.xcassets in Resources */,
				8643E50520CC6CDA004E4D22 /* Raleway-v4020-SemiBold.otf in Resources */,
			);
			runOnlyForDeploymentPostprocessing = 0;
		};
/* End PBXResourcesBuildPhase section */

/* Begin PBXSourcesBuildPhase section */
		866D8AC420CA15A000FDF853 /* Sources */ = {
			isa = PBXSourcesBuildPhase;
			buildActionMask = 2147483647;
			files = (
				86F7AC7820CDCEA200669F95 /* LAButton.swift in Sources */,
				86DE4C8C20CED588009B89D3 /* LAHeaderView.swift in Sources */,
				866D8AE420CA1FF500FDF853 /* Extensions.swift in Sources */,
				8668C9BE20CF5DD9003B32D0 /* OptionSet.swift in Sources */,
				866D8AD420CA15A000FDF853 /* ListApp.xcdatamodeld in Sources */,
				866D8ACE20CA15A000FDF853 /* WelcomeController.swift in Sources */,
				8695801320D06FF100D92BCC /* LANewItemPopup.swift in Sources */,
				8695801120D06C6700D92BCC /* Protocol.swift in Sources */,
				8643E50020CC65D7004E4D22 /* LALabel.swift in Sources */,
				866D8AE120CA1CC300FDF853 /* LAGradient.swift in Sources */,
				866D8ACC20CA15A000FDF853 /* AppDelegate.swift in Sources */,
				8695801520D0AC2E00D92BCC /* LATextField.swift in Sources */,
				86DE4C8820CED426009B89D3 /* ListController.swift in Sources */,
			);
			runOnlyForDeploymentPostprocessing = 0;
		};
/* End PBXSourcesBuildPhase section */

/* Begin PBXVariantGroup section */
		866D8AD720CA15A100FDF853 /* LaunchScreen.storyboard */ = {
			isa = PBXVariantGroup;
			children = (
				866D8AD820CA15A100FDF853 /* Base */,
			);
			name = LaunchScreen.storyboard;
			sourceTree = "<group>";
		};
/* End PBXVariantGroup section */

/* Begin XCBuildConfiguration section */
		866D8ADB20CA15A100FDF853 /* Debug */ = {
			isa = XCBuildConfiguration;
			buildSettings = {
				ALWAYS_SEARCH_USER_PATHS = NO;
				CLANG_ANALYZER_NONNULL = YES;
				CLANG_ANALYZER_NUMBER_OBJECT_CONVERSION = YES_AGGRESSIVE;
				CLANG_CXX_LANGUAGE_STANDARD = "gnu++14";
				CLANG_CXX_LIBRARY = "libc++";
				CLANG_ENABLE_MODULES = YES;
				CLANG_ENABLE_OBJC_ARC = YES;
				CLANG_ENABLE_OBJC_WEAK = YES;
				CLANG_WARN_BLOCK_CAPTURE_AUTORELEASING = YES;
				CLANG_WARN_BOOL_CONVERSION = YES;
				CLANG_WARN_COMMA = YES;
				CLANG_WARN_CONSTANT_CONVERSION = YES;
				CLANG_WARN_DEPRECATED_OBJC_IMPLEMENTATIONS = YES;
				CLANG_WARN_DIRECT_OBJC_ISA_USAGE = YES_ERROR;
				CLANG_WARN_DOCUMENTATION_COMMENTS = YES;
				CLANG_WARN_EMPTY_BODY = YES;
				CLANG_WARN_ENUM_CONVERSION = YES;
				CLANG_WARN_INFINITE_RECURSION = YES;
				CLANG_WARN_INT_CONVERSION = YES;
				CLANG_WARN_NON_LITERAL_NULL_CONVERSION = YES;
				CLANG_WARN_OBJC_IMPLICIT_RETAIN_SELF = YES;
				CLANG_WARN_OBJC_LITERAL_CONVERSION = YES;
				CLANG_WARN_OBJC_ROOT_CLASS = YES_ERROR;
				CLANG_WARN_RANGE_LOOP_ANALYSIS = YES;
				CLANG_WARN_STRICT_PROTOTYPES = YES;
				CLANG_WARN_SUSPICIOUS_MOVE = YES;
				CLANG_WARN_UNGUARDED_AVAILABILITY = YES_AGGRESSIVE;
				CLANG_WARN_UNREACHABLE_CODE = YES;
				CLANG_WARN__DUPLICATE_METHOD_MATCH = YES;
				CODE_SIGN_IDENTITY = "iPhone Developer";
				COPY_PHASE_STRIP = NO;
				DEBUG_INFORMATION_FORMAT = dwarf;
				ENABLE_STRICT_OBJC_MSGSEND = YES;
				ENABLE_TESTABILITY = YES;
				GCC_C_LANGUAGE_STANDARD = gnu11;
				GCC_DYNAMIC_NO_PIC = NO;
				GCC_NO_COMMON_BLOCKS = YES;
				GCC_OPTIMIZATION_LEVEL = 0;
				GCC_PREPROCESSOR_DEFINITIONS = (
					"DEBUG=1",
					"$(inherited)",
				);
				GCC_WARN_64_TO_32_BIT_CONVERSION = YES;
				GCC_WARN_ABOUT_RETURN_TYPE = YES_ERROR;
				GCC_WARN_UNDECLARED_SELECTOR = YES;
				GCC_WARN_UNINITIALIZED_AUTOS = YES_AGGRESSIVE;
				GCC_WARN_UNUSED_FUNCTION = YES;
				GCC_WARN_UNUSED_VARIABLE = YES;
				IPHONEOS_DEPLOYMENT_TARGET = 11.4;
				MTL_ENABLE_DEBUG_INFO = YES;
				ONLY_ACTIVE_ARCH = YES;
				SDKROOT = iphoneos;
				SWIFT_ACTIVE_COMPILATION_CONDITIONS = DEBUG;
				SWIFT_OPTIMIZATION_LEVEL = "-Onone";
			};
			name = Debug;
		};
		866D8ADC20CA15A100FDF853 /* Release */ = {
			isa = XCBuildConfiguration;
			buildSettings = {
				ALWAYS_SEARCH_USER_PATHS = NO;
				CLANG_ANALYZER_NONNULL = YES;
				CLANG_ANALYZER_NUMBER_OBJECT_CONVERSION = YES_AGGRESSIVE;
				CLANG_CXX_LANGUAGE_STANDARD = "gnu++14";
				CLANG_CXX_LIBRARY = "libc++";
				CLANG_ENABLE_MODULES = YES;
				CLANG_ENABLE_OBJC_ARC = YES;
				CLANG_ENABLE_OBJC_WEAK = YES;
				CLANG_WARN_BLOCK_CAPTURE_AUTORELEASING = YES;
				CLANG_WARN_BOOL_CONVERSION = YES;
				CLANG_WARN_COMMA = YES;
				CLANG_WARN_CONSTANT_CONVERSION = YES;
				CLANG_WARN_DEPRECATED_OBJC_IMPLEMENTATIONS = YES;
				CLANG_WARN_DIRECT_OBJC_ISA_USAGE = YES_ERROR;
				CLANG_WARN_DOCUMENTATION_COMMENTS = YES;
				CLANG_WARN_EMPTY_BODY = YES;
				CLANG_WARN_ENUM_CONVERSION = YES;
				CLANG_WARN_INFINITE_RECURSION = YES;
				CLANG_WARN_INT_CONVERSION = YES;
				CLANG_WARN_NON_LITERAL_NULL_CONVERSION = YES;
				CLANG_WARN_OBJC_IMPLICIT_RETAIN_SELF = YES;
				CLANG_WARN_OBJC_LITERAL_CONVERSION = YES;
				CLANG_WARN_OBJC_ROOT_CLASS = YES_ERROR;
				CLANG_WARN_RANGE_LOOP_ANALYSIS = YES;
				CLANG_WARN_STRICT_PROTOTYPES = YES;
				CLANG_WARN_SUSPICIOUS_MOVE = YES;
				CLANG_WARN_UNGUARDED_AVAILABILITY = YES_AGGRESSIVE;
				CLANG_WARN_UNREACHABLE_CODE = YES;
				CLANG_WARN__DUPLICATE_METHOD_MATCH = YES;
				CODE_SIGN_IDENTITY = "iPhone Developer";
				COPY_PHASE_STRIP = NO;
				DEBUG_INFORMATION_FORMAT = "dwarf-with-dsym";
				ENABLE_NS_ASSERTIONS = NO;
				ENABLE_STRICT_OBJC_MSGSEND = YES;
				GCC_C_LANGUAGE_STANDARD = gnu11;
				GCC_NO_COMMON_BLOCKS = YES;
				GCC_WARN_64_TO_32_BIT_CONVERSION = YES;
				GCC_WARN_ABOUT_RETURN_TYPE = YES_ERROR;
				GCC_WARN_UNDECLARED_SELECTOR = YES;
				GCC_WARN_UNINITIALIZED_AUTOS = YES_AGGRESSIVE;
				GCC_WARN_UNUSED_FUNCTION = YES;
				GCC_WARN_UNUSED_VARIABLE = YES;
				IPHONEOS_DEPLOYMENT_TARGET = 11.4;
				MTL_ENABLE_DEBUG_INFO = NO;
				SDKROOT = iphoneos;
				SWIFT_COMPILATION_MODE = wholemodule;
				SWIFT_OPTIMIZATION_LEVEL = "-O";
				VALIDATE_PRODUCT = YES;
			};
			name = Release;
		};
		866D8ADE20CA15A100FDF853 /* Debug */ = {
			isa = XCBuildConfiguration;
			buildSettings = {
				ASSETCATALOG_COMPILER_APPICON_NAME = AppIcon;
				CODE_SIGN_STYLE = Automatic;
				DEVELOPMENT_TEAM = B4ZC72SUZ2;
				INFOPLIST_FILE = ListApp/Info.plist;
				LD_RUNPATH_SEARCH_PATHS = (
					"$(inherited)",
					"@executable_path/Frameworks",
				);
				PRODUCT_BUNDLE_IDENTIFIER = com.MasonBose.ListApp;
				PRODUCT_NAME = "$(TARGET_NAME)";
				SWIFT_VERSION = 4.0;
				TARGETED_DEVICE_FAMILY = "1,2";
			};
			name = Debug;
		};
		866D8ADF20CA15A100FDF853 /* Release */ = {
			isa = XCBuildConfiguration;
			buildSettings = {
				ASSETCATALOG_COMPILER_APPICON_NAME = AppIcon;
				CODE_SIGN_STYLE = Automatic;
				DEVELOPMENT_TEAM = B4ZC72SUZ2;
				INFOPLIST_FILE = ListApp/Info.plist;
				LD_RUNPATH_SEARCH_PATHS = (
					"$(inherited)",
					"@executable_path/Frameworks",
				);
				PRODUCT_BUNDLE_IDENTIFIER = com.MasonBose.ListApp;
				PRODUCT_NAME = "$(TARGET_NAME)";
				SWIFT_VERSION = 4.0;
				TARGETED_DEVICE_FAMILY = "1,2";
			};
			name = Release;
		};
/* End XCBuildConfiguration section */

/* Begin XCConfigurationList section */
		866D8AC320CA15A000FDF853 /* Build configuration list for PBXProject "ListApp" */ = {
			isa = XCConfigurationList;
			buildConfigurations = (
				866D8ADB20CA15A100FDF853 /* Debug */,
				866D8ADC20CA15A100FDF853 /* Release */,
			);
			defaultConfigurationIsVisible = 0;
			defaultConfigurationName = Release;
		};
		866D8ADD20CA15A100FDF853 /* Build configuration list for PBXNativeTarget "ListApp" */ = {
			isa = XCConfigurationList;
			buildConfigurations = (
				866D8ADE20CA15A100FDF853 /* Debug */,
				866D8ADF20CA15A100FDF853 /* Release */,
			);
			defaultConfigurationIsVisible = 0;
			defaultConfigurationName = Release;
		};
/* End XCConfigurationList section */

/* Begin XCVersionGroup section */
		866D8AD220CA15A000FDF853 /* ListApp.xcdatamodeld */ = {
			isa = XCVersionGroup;
			children = (
				866D8AD320CA15A000FDF853 /* ListApp.xcdatamodel */,
			);
			currentVersion = 866D8AD320CA15A000FDF853 /* ListApp.xcdatamodel */;
			path = ListApp.xcdatamodeld;
			sourceTree = "<group>";
			versionGroupType = wrapper.xcdatamodel;
		};
/* End XCVersionGroup section */
	};
	rootObject = 866D8AC020CA15A000FDF853 /* Project object */;
}
